
Microsoft Visual Studio Solution File, Format Version 12.00
# Visual Studio Version 16
VisualStudioVersion = 16.0.35706.149
MinimumVisualStudioVersion = 10.0.40219.1
Project("{FAE04EC0-301F-11D3-BF4B-00C04F79EFBC}") = "Wk3Ex2", "Wk3Ex2\Wk3Ex2.csproj", "{B4ACDF79-B29B-4C8E-8B92-4A01C7C2DF20}"
EndProject
Global
	GlobalSection(SolutionConfigurationPlatforms) = preSolution
		Debug|Any CPU = Debug|Any CPU
		Release|Any CPU = Release|Any CPU
	EndGlobalSection
	GlobalSection(ProjectConfigurationPlatforms) = postSolution
		{B4ACDF79-B29B-4C8E-8B92-4A01C7C2DF20}.Debug|Any CPU.ActiveCfg = Debug|Any CPU
		{B4ACDF79-B29B-4C8E-8B92-4A01C7C2DF20}.Debug|Any CPU.Build.0 = Debug|Any CPU
		{B4ACDF79-B29B-4C8E-8B92-4A01C7C2DF20}.Release|Any CPU.ActiveCfg = Release|Any CPU
		{B4ACDF79-B29B-4C8E-8B92-4A01C7C2DF20}.Release|Any CPU.Build.0 = Release|Any CPU
	EndGlobalSection
	GlobalSection(SolutionProperties) = preSolution
		HideSolutionNode = FALSE
	EndGlobalSection
	GlobalSection(ExtensibilityGlobals) = postSolution
		SolutionGuid = {AC54A411-4E24-4872-ABD5-21A912801BCC}
	EndGlobalSection
EndGlobal
